// !$*UTF8*$!
{
	archiveVersion = 1;
	classes = {
	};
	objectVersion = 50;
	objects = {

/* Begin PBXBuildFile section */
		9AD8707921F564BB004388AA /* AppDelegate.swift in Sources */ = {isa = PBXBuildFile; fileRef = 9AD8707821F564BB004388AA /* AppDelegate.swift */; };
		9AD8707B21F564BB004388AA /* MoviesViewController.swift in Sources */ = {isa = PBXBuildFile; fileRef = 9AD8707A21F564BB004388AA /* MoviesViewController.swift */; };
		9AD8707E21F564BB004388AA /* Main.storyboard in Resources */ = {isa = PBXBuildFile; fileRef = 9AD8707C21F564BB004388AA /* Main.storyboard */; };
		9AD8708121F564BB004388AA /* filxster.xcdatamodeld in Sources */ = {isa = PBXBuildFile; fileRef = 9AD8707F21F564BB004388AA /* filxster.xcdatamodeld */; };
		9AD8708321F564BD004388AA /* Assets.xcassets in Resources */ = {isa = PBXBuildFile; fileRef = 9AD8708221F564BD004388AA /* Assets.xcassets */; };
		9AD8708621F564BD004388AA /* LaunchScreen.storyboard in Resources */ = {isa = PBXBuildFile; fileRef = 9AD8708421F564BD004388AA /* LaunchScreen.storyboard */; };
		9AD8709121F564BD004388AA /* filxsterTests.swift in Sources */ = {isa = PBXBuildFile; fileRef = 9AD8709021F564BD004388AA /* filxsterTests.swift */; };
		9AD8709C21F564BD004388AA /* filxsterUITests.swift in Sources */ = {isa = PBXBuildFile; fileRef = 9AD8709B21F564BD004388AA /* filxsterUITests.swift */; };
		9AD870AA21F57345004388AA /* MovieCell.swift in Sources */ = {isa = PBXBuildFile; fileRef = 9AD870A921F57345004388AA /* MovieCell.swift */; };
		FF257F9DDFE5ACCB86FF6A97 /* Pods_filxsterUITests.framework in Frameworks */ = {isa = PBXBuildFile; fileRef = B87BA0EBA6AE5CB2CFC4CC82 /* Pods_filxsterUITests.framework */; };
/* End PBXBuildFile section */

/* Begin PBXContainerItemProxy section */
		9AD8708D21F564BD004388AA /* PBXContainerItemProxy */ = {
			isa = PBXContainerItemProxy;
			containerPortal = 9AD8706D21F564BB004388AA /* Project object */;
			proxyType = 1;
			remoteGlobalIDString = 9AD8707421F564BB004388AA;
			remoteInfo = filxster;
		};
		9AD8709821F564BD004388AA /* PBXContainerItemProxy */ = {
			isa = PBXContainerItemProxy;
			containerPortal = 9AD8706D21F564BB004388AA /* Project object */;
			proxyType = 1;
			remoteGlobalIDString = 9AD8707421F564BB004388AA;
			remoteInfo = filxster;
		};
/* End PBXContainerItemProxy section */

/* Begin PBXFileReference section */
		006A2BEF77E7C042058CC964 /* Pods-filxsterUITests.release.xcconfig */ = {isa = PBXFileReference; includeInIndex = 1; lastKnownFileType = text.xcconfig; name = "Pods-filxsterUITests.release.xcconfig"; path = "Pods/Target Support Files/Pods-filxsterUITests/Pods-filxsterUITests.release.xcconfig"; sourceTree = "<group>"; };
		24A990D9A2FC6CAB5B516AC7 /* Pods-filxsterTests.release.xcconfig */ = {isa = PBXFileReference; includeInIndex = 1; lastKnownFileType = text.xcconfig; name = "Pods-filxsterTests.release.xcconfig"; path = "Pods/Target Support Files/Pods-filxsterTests/Pods-filxsterTests.release.xcconfig"; sourceTree = "<group>"; };
		487EDFB9BA0325D018E16F38 /* Pods_filxster.framework */ = {isa = PBXFileReference; explicitFileType = wrapper.framework; includeInIndex = 0; path = Pods_filxster.framework; sourceTree = BUILT_PRODUCTS_DIR; };
		4D96D5F39AAD6DEFDA21E2C1 /* Pods-filxsterUITests.debug.xcconfig */ = {isa = PBXFileReference; includeInIndex = 1; lastKnownFileType = text.xcconfig; name = "Pods-filxsterUITests.debug.xcconfig"; path = "Pods/Target Support Files/Pods-filxsterUITests/Pods-filxsterUITests.debug.xcconfig"; sourceTree = "<group>"; };
		8AFBE16B137ABE5762FE1DA1 /* Pods-filxsterTests.debug.xcconfig */ = {isa = PBXFileReference; includeInIndex = 1; lastKnownFileType = text.xcconfig; name = "Pods-filxsterTests.debug.xcconfig"; path = "Pods/Target Support Files/Pods-filxsterTests/Pods-filxsterTests.debug.xcconfig"; sourceTree = "<group>"; };
		8FE622114AE9B322BAF69394 /* Pods-filxster.debug.xcconfig */ = {isa = PBXFileReference; includeInIndex = 1; lastKnownFileType = text.xcconfig; name = "Pods-filxster.debug.xcconfig"; path = "Pods/Target Support Files/Pods-filxster/Pods-filxster.debug.xcconfig"; sourceTree = "<group>"; };
		9AD8707521F564BB004388AA /* filxster.app */ = {isa = PBXFileReference; explicitFileType = wrapper.application; includeInIndex = 0; path = filxster.app; sourceTree = BUILT_PRODUCTS_DIR; };
		9AD8707821F564BB004388AA /* AppDelegate.swift */ = {isa = PBXFileReference; lastKnownFileType = sourcecode.swift; path = AppDelegate.swift; sourceTree = "<group>"; };
		9AD8707A21F564BB004388AA /* MoviesViewController.swift */ = {isa = PBXFileReference; lastKnownFileType = sourcecode.swift; path = MoviesViewController.swift; sourceTree = "<group>"; };
		9AD8707D21F564BB004388AA /* Base */ = {isa = PBXFileReference; lastKnownFileType = file.storyboard; name = Base; path = Base.lproj/Main.storyboard; sourceTree = "<group>"; };
		9AD8708021F564BB004388AA /* filxster.xcdatamodel */ = {isa = PBXFileReference; lastKnownFileType = wrapper.xcdatamodel; path = filxster.xcdatamodel; sourceTree = "<group>"; };
		9AD8708221F564BD004388AA /* Assets.xcassets */ = {isa = PBXFileReference; lastKnownFileType = folder.assetcatalog; path = Assets.xcassets; sourceTree = "<group>"; };
		9AD8708521F564BD004388AA /* Base */ = {isa = PBXFileReference; lastKnownFileType = file.storyboard; name = Base; path = Base.lproj/LaunchScreen.storyboard; sourceTree = "<group>"; };
		9AD8708721F564BD004388AA /* Info.plist */ = {isa = PBXFileReference; lastKnownFileType = text.plist.xml; path = Info.plist; sourceTree = "<group>"; };
		9AD8708C21F564BD004388AA /* filxsterTests.xctest */ = {isa = PBXFileReference; explicitFileType = wrapper.cfbundle; includeInIndex = 0; path = filxsterTests.xctest; sourceTree = BUILT_PRODUCTS_DIR; };
		9AD8709021F564BD004388AA /* filxsterTests.swift */ = {isa = PBXFileReference; lastKnownFileType = sourcecode.swift; path = filxsterTests.swift; sourceTree = "<group>"; };
		9AD8709221F564BD004388AA /* Info.plist */ = {isa = PBXFileReference; lastKnownFileType = text.plist.xml; path = Info.plist; sourceTree = "<group>"; };
		9AD8709721F564BD004388AA /* filxsterUITests.xctest */ = {isa = PBXFileReference; explicitFileType = wrapper.cfbundle; includeInIndex = 0; path = filxsterUITests.xctest; sourceTree = BUILT_PRODUCTS_DIR; };
		9AD8709B21F564BD004388AA /* filxsterUITests.swift */ = {isa = PBXFileReference; lastKnownFileType = sourcecode.swift; path = filxsterUITests.swift; sourceTree = "<group>"; };
		9AD8709D21F564BD004388AA /* Info.plist */ = {isa = PBXFileReference; lastKnownFileType = text.plist.xml; path = Info.plist; sourceTree = "<group>"; };
		9AD870A921F57345004388AA /* MovieCell.swift */ = {isa = PBXFileReference; lastKnownFileType = sourcecode.swift; path = MovieCell.swift; sourceTree = "<group>"; };
		A97A4CC8FEB45C80F7D45566 /* Pods_filxsterTests.framework */ = {isa = PBXFileReference; explicitFileType = wrapper.framework; includeInIndex = 0; path = Pods_filxsterTests.framework; sourceTree = BUILT_PRODUCTS_DIR; };
		B87BA0EBA6AE5CB2CFC4CC82 /* Pods_filxsterUITests.framework */ = {isa = PBXFileReference; explicitFileType = wrapper.framework; includeInIndex = 0; path = Pods_filxsterUITests.framework; sourceTree = BUILT_PRODUCTS_DIR; };
		D1BD07137CD2B01053042C64 /* Pods-filxster.release.xcconfig */ = {isa = PBXFileReference; includeInIndex = 1; lastKnownFileType = text.xcconfig; name = "Pods-filxster.release.xcconfig"; path = "Pods/Target Support Files/Pods-filxster/Pods-filxster.release.xcconfig"; sourceTree = "<group>"; };
/* End PBXFileReference section */

/* Begin PBXFrameworksBuildPhase section */
		9AD8707221F564BB004388AA /* Frameworks */ = {
			isa = PBXFrameworksBuildPhase;
			buildActionMask = 2147483647;
			files = (
				70F49CBBCDA055E282C40144 /* Pods_filxster.framework in Frameworks */,
			);
			runOnlyForDeploymentPostprocessing = 0;
		};
		9AD8708921F564BD004388AA /* Frameworks */ = {
			isa = PBXFrameworksBuildPhase;
			buildActionMask = 2147483647;
			files = (
				3737B5AA67387DBCA3128026 /* Pods_filxsterTests.framework in Frameworks */,
			);
			runOnlyForDeploymentPostprocessing = 0;
		};
		9AD8709421F564BD004388AA /* Frameworks */ = {
			isa = PBXFrameworksBuildPhase;
			buildActionMask = 2147483647;
			files = (
				FF257F9DDFE5ACCB86FF6A97 /* Pods_filxsterUITests.framework in Frameworks */,
			);
			runOnlyForDeploymentPostprocessing = 0;
		};
/* End PBXFrameworksBuildPhase section */

/* Begin PBXGroup section */
		19916038D54811F6D252195D /* Pods */ = {
			isa = PBXGroup;
			children = (
				8FE622114AE9B322BAF69394 /* Pods-filxster.debug.xcconfig */,
				D1BD07137CD2B01053042C64 /* Pods-filxster.release.xcconfig */,
				8AFBE16B137ABE5762FE1DA1 /* Pods-filxsterTests.debug.xcconfig */,
				24A990D9A2FC6CAB5B516AC7 /* Pods-filxsterTests.release.xcconfig */,
				4D96D5F39AAD6DEFDA21E2C1 /* Pods-filxsterUITests.debug.xcconfig */,
				006A2BEF77E7C042058CC964 /* Pods-filxsterUITests.release.xcconfig */,
			);
			name = Pods;
			sourceTree = "<group>";
		};
		9AD8706C21F564BB004388AA = {
			isa = PBXGroup;
			children = (
				9AD8707721F564BB004388AA /* filxster */,
				9AD8708F21F564BD004388AA /* filxsterTests */,
				9AD8709A21F564BD004388AA /* filxsterUITests */,
				9AD8707621F564BB004388AA /* Products */,
				19916038D54811F6D252195D /* Pods */,
				C8BF077269BA7735D9EF7B76 /* Frameworks */,
			);
			sourceTree = "<group>";
		};
		9AD8707621F564BB004388AA /* Products */ = {
			isa = PBXGroup;
			children = (
				9AD8707521F564BB004388AA /* filxster.app */,
				9AD8708C21F564BD004388AA /* filxsterTests.xctest */,
				9AD8709721F564BD004388AA /* filxsterUITests.xctest */,
			);
			name = Products;
			sourceTree = "<group>";
		};
		9AD8707721F564BB004388AA /* filxster */ = {
			isa = PBXGroup;
			children = (
				9AD8707C21F564BB004388AA /* Main.storyboard */,
				9AD870A921F57345004388AA /* MovieCell.swift */,
				9AD8707A21F564BB004388AA /* MoviesViewController.swift */,
				9AD8707821F564BB004388AA /* AppDelegate.swift */,
				9AD8708221F564BD004388AA /* Assets.xcassets */,
				9AD8708421F564BD004388AA /* LaunchScreen.storyboard */,
				9AD8708721F564BD004388AA /* Info.plist */,
				9AD8707F21F564BB004388AA /* filxster.xcdatamodeld */,
			);
			path = filxster;
			sourceTree = "<group>";
		};
		9AD8708F21F564BD004388AA /* filxsterTests */ = {
			isa = PBXGroup;
			children = (
				9AD8709021F564BD004388AA /* filxsterTests.swift */,
				9AD8709221F564BD004388AA /* Info.plist */,
			);
			path = filxsterTests;
			sourceTree = "<group>";
		};
		9AD8709A21F564BD004388AA /* filxsterUITests */ = {
			isa = PBXGroup;
			children = (
				9AD8709B21F564BD004388AA /* filxsterUITests.swift */,
				9AD8709D21F564BD004388AA /* Info.plist */,
			);
			path = filxsterUITests;
			sourceTree = "<group>";
		};
		C8BF077269BA7735D9EF7B76 /* Frameworks */ = {
			isa = PBXGroup;
			children = (
				487EDFB9BA0325D018E16F38 /* Pods_filxster.framework */,
				A97A4CC8FEB45C80F7D45566 /* Pods_filxsterTests.framework */,
				B87BA0EBA6AE5CB2CFC4CC82 /* Pods_filxsterUITests.framework */,
			);
			name = Frameworks;
			sourceTree = "<group>";
		};
/* End PBXGroup section */

/* Begin PBXNativeTarget section */
		9AD8707421F564BB004388AA /* filxster */ = {
			isa = PBXNativeTarget;
			buildConfigurationList = 9AD870A021F564BD004388AA /* Build configuration list for PBXNativeTarget "filxster" */;
			buildPhases = (
				949E5D11F18E5AB6EEB625AF /* [CP] Check Pods Manifest.lock */,
				9AD8707121F564BB004388AA /* Sources */,
				9AD8707221F564BB004388AA /* Frameworks */,
				9AD8707321F564BB004388AA /* Resources */,
				B189D74A27513C9E558462E7 /* [CP] Embed Pods Frameworks */,
			);
			buildRules = (
			);
			dependencies = (
			);
			name = filxster;
			productName = filxster;
			productReference = 9AD8707521F564BB004388AA /* filxster.app */;
			productType = "com.apple.product-type.application";
		};
		9AD8708B21F564BD004388AA /* filxsterTests */ = {
			isa = PBXNativeTarget;
			buildConfigurationList = 9AD870A321F564BD004388AA /* Build configuration list for PBXNativeTarget "filxsterTests" */;
			buildPhases = (
				5B8EE93AED9A318B28F4C10E /* [CP] Check Pods Manifest.lock */,
				9AD8708821F564BD004388AA /* Sources */,
				9AD8708921F564BD004388AA /* Frameworks */,
				9AD8708A21F564BD004388AA /* Resources */,
			);
			buildRules = (
			);
			dependencies = (
				9AD8708E21F564BD004388AA /* PBXTargetDependency */,
			);
			name = filxsterTests;
			productName = filxsterTests;
			productReference = 9AD8708C21F564BD004388AA /* filxsterTests.xctest */;
			productType = "com.apple.product-type.bundle.unit-test";
		};
		9AD8709621F564BD004388AA /* filxsterUITests */ = {
			isa = PBXNativeTarget;
			buildConfigurationList = 9AD870A621F564BD004388AA /* Build configuration list for PBXNativeTarget "filxsterUITests" */;
			buildPhases = (
				3F50E941C1960B298A3AD492 /* [CP] Check Pods Manifest.lock */,
				9AD8709321F564BD004388AA /* Sources */,
				9AD8709421F564BD004388AA /* Frameworks */,
				9AD8709521F564BD004388AA /* Resources */,
			);
			buildRules = (
			);
			dependencies = (
				9AD8709921F564BD004388AA /* PBXTargetDependency */,
			);
			name = filxsterUITests;
			productName = filxsterUITests;
			productReference = 9AD8709721F564BD004388AA /* filxsterUITests.xctest */;
			productType = "com.apple.product-type.bundle.ui-testing";
		};
/* End PBXNativeTarget section */

/* Begin PBXProject section */
		9AD8706D21F564BB004388AA /* Project object */ = {
			isa = PBXProject;
			attributes = {
				LastSwiftUpdateCheck = 1010;
				LastUpgradeCheck = 1010;
				ORGANIZATIONNAME = "Fei Ma";
				TargetAttributes = {
					9AD8707421F564BB004388AA = {
						CreatedOnToolsVersion = 10.1;
					};
					9AD8708B21F564BD004388AA = {
						CreatedOnToolsVersion = 10.1;
						TestTargetID = 9AD8707421F564BB004388AA;
					};
					9AD8709621F564BD004388AA = {
						CreatedOnToolsVersion = 10.1;
						TestTargetID = 9AD8707421F564BB004388AA;
					};
				};
			};
			buildConfigurationList = 9AD8707021F564BB004388AA /* Build configuration list for PBXProject "filxster" */;
			compatibilityVersion = "Xcode 9.3";
			developmentRegion = en;
			hasScannedForEncodings = 0;
			knownRegions = (
				en,
				Base,
			);
			mainGroup = 9AD8706C21F564BB004388AA;
			productRefGroup = 9AD8707621F564BB004388AA /* Products */;
			projectDirPath = "";
			projectRoot = "";
			targets = (
				9AD8707421F564BB004388AA /* filxster */,
				9AD8708B21F564BD004388AA /* filxsterTests */,
				9AD8709621F564BD004388AA /* filxsterUITests */,
			);
		};
/* End PBXProject section */

/* Begin PBXResourcesBuildPhase section */
		9AD8707321F564BB004388AA /* Resources */ = {
			isa = PBXResourcesBuildPhase;
			buildActionMask = 2147483647;
			files = (
				9AD8708621F564BD004388AA /* LaunchScreen.storyboard in Resources */,
				9AD8708321F564BD004388AA /* Assets.xcassets in Resources */,
				9AD8707E21F564BB004388AA /* Main.storyboard in Resources */,
			);
			runOnlyForDeploymentPostprocessing = 0;
		};
		9AD8708A21F564BD004388AA /* Resources */ = {
			isa = PBXResourcesBuildPhase;
			buildActionMask = 2147483647;
			files = (
			);
			runOnlyForDeploymentPostprocessing = 0;
		};
		9AD8709521F564BD004388AA /* Resources */ = {
			isa = PBXResourcesBuildPhase;
			buildActionMask = 2147483647;
			files = (
			);
			runOnlyForDeploymentPostprocessing = 0;
		};
/* End PBXResourcesBuildPhase section */

/* Begin PBXShellScriptBuildPhase section */
		3F50E941C1960B298A3AD492 /* [CP] Check Pods Manifest.lock */ = {
			isa = PBXShellScriptBuildPhase;
			buildActionMask = 2147483647;
			files = (
			);
			inputFileListPaths = (
			);
			inputPaths = (
				"${PODS_PODFILE_DIR_PATH}/Podfile.lock",
				"${PODS_ROOT}/Manifest.lock",
			);
			name = "[CP] Check Pods Manifest.lock";
			outputFileListPaths = (
			);
			outputPaths = (
				"$(DERIVED_FILE_DIR)/Pods-filxsterUITests-checkManifestLockResult.txt",
			);
			runOnlyForDeploymentPostprocessing = 0;
			shellPath = /bin/sh;
			shellScript = "diff \"${PODS_PODFILE_DIR_PATH}/Podfile.lock\" \"${PODS_ROOT}/Manifest.lock\" > /dev/null\nif [ $? != 0 ] ; then\n    # print error to STDERR\n    echo \"error: The sandbox is not in sync with the Podfile.lock. Run 'pod install' or update your CocoaPods installation.\" >&2\n    exit 1\nfi\n# This output is used by Xcode 'outputs' to avoid re-running this script phase.\necho \"SUCCESS\" > \"${SCRIPT_OUTPUT_FILE_0}\"\n";
			showEnvVarsInLog = 0;
		};
		5B8EE93AED9A318B28F4C10E /* [CP] Check Pods Manifest.lock */ = {
			isa = PBXShellScriptBuildPhase;
			buildActionMask = 2147483647;
			files = (
			);
			inputFileListPaths = (
			);
			inputPaths = (
				"${PODS_PODFILE_DIR_PATH}/Podfile.lock",
				"${PODS_ROOT}/Manifest.lock",
			);
			name = "[CP] Check Pods Manifest.lock";
			outputFileListPaths = (
			);
			outputPaths = (
				"$(DERIVED_FILE_DIR)/Pods-filxsterTests-checkManifestLockResult.txt",
			);
			runOnlyForDeploymentPostprocessing = 0;
			shellPath = /bin/sh;
			shellScript = "diff \"${PODS_PODFILE_DIR_PATH}/Podfile.lock\" \"${PODS_ROOT}/Manifest.lock\" > /dev/null\nif [ $? != 0 ] ; then\n    # print error to STDERR\n    echo \"error: The sandbox is not in sync with the Podfile.lock. Run 'pod install' or update your CocoaPods installation.\" >&2\n    exit 1\nfi\n# This output is used by Xcode 'outputs' to avoid re-running this script phase.\necho \"SUCCESS\" > \"${SCRIPT_OUTPUT_FILE_0}\"\n";
			showEnvVarsInLog = 0;
		};
		949E5D11F18E5AB6EEB625AF /* [CP] Check Pods Manifest.lock */ = {
			isa = PBXShellScriptBuildPhase;
			buildActionMask = 2147483647;
			files = (
			);
			inputFileListPaths = (
			);
			inputPaths = (
				"${PODS_PODFILE_DIR_PATH}/Podfile.lock",
				"${PODS_ROOT}/Manifest.lock",
			);
			name = "[CP] Check Pods Manifest.lock";
			outputFileListPaths = (
			);
			outputPaths = (
				"$(DERIVED_FILE_DIR)/Pods-filxster-checkManifestLockResult.txt",
			);
			runOnlyForDeploymentPostprocessing = 0;
			shellPath = /bin/sh;
			shellScript = "diff \"${PODS_PODFILE_DIR_PATH}/Podfile.lock\" \"${PODS_ROOT}/Manifest.lock\" > /dev/null\nif [ $? != 0 ] ; then\n    # print error to STDERR\n    echo \"error: The sandbox is not in sync with the Podfile.lock. Run 'pod install' or update your CocoaPods installation.\" >&2\n    exit 1\nfi\n# This output is used by Xcode 'outputs' to avoid re-running this script phase.\necho \"SUCCESS\" > \"${SCRIPT_OUTPUT_FILE_0}\"\n";
			showEnvVarsInLog = 0;
		};
		B189D74A27513C9E558462E7 /* [CP] Embed Pods Frameworks */ = {
			isa = PBXShellScriptBuildPhase;
			buildActionMask = 2147483647;
			files = (
			);
			inputFileListPaths = (
			);
			inputPaths = (
				"${SRCROOT}/Pods/Target Support Files/Pods-filxster/Pods-filxster-frameworks.sh",
				"${BUILT_PRODUCTS_DIR}/Alamofire/Alamofire.framework",
				"${BUILT_PRODUCTS_DIR}/AlamofireImage/AlamofireImage.framework",
			);
			name = "[CP] Embed Pods Frameworks";
			outputFileListPaths = (
			);
			outputPaths = (
				"${TARGET_BUILD_DIR}/${FRAMEWORKS_FOLDER_PATH}/Alamofire.framework",
				"${TARGET_BUILD_DIR}/${FRAMEWORKS_FOLDER_PATH}/AlamofireImage.framework",
			);
			runOnlyForDeploymentPostprocessing = 0;
			shellPath = /bin/sh;
			shellScript = "\"${SRCROOT}/Pods/Target Support Files/Pods-filxster/Pods-filxster-frameworks.sh\"\n";
			showEnvVarsInLog = 0;
		};
/* End PBXShellScriptBuildPhase section */

/* Begin PBXSourcesBuildPhase section */
		9AD8707121F564BB004388AA /* Sources */ = {
			isa = PBXSourcesBuildPhase;
			buildActionMask = 2147483647;
			files = (
				9AD8707B21F564BB004388AA /* MoviesViewController.swift in Sources */,
				9AD8707921F564BB004388AA /* AppDelegate.swift in Sources */,
				9AD870AA21F57345004388AA /* MovieCell.swift in Sources */,
				9AD8708121F564BB004388AA /* filxster.xcdatamodeld in Sources */,
			);
			runOnlyForDeploymentPostprocessing = 0;
		};
		9AD8708821F564BD004388AA /* Sources */ = {
			isa = PBXSourcesBuildPhase;
			buildActionMask = 2147483647;
			files = (
				9AD8709121F564BD004388AA /* filxsterTests.swift in Sources */,
			);
			runOnlyForDeploymentPostprocessing = 0;
		};
		9AD8709321F564BD004388AA /* Sources */ = {
			isa = PBXSourcesBuildPhase;
			buildActionMask = 2147483647;
			files = (
				9AD8709C21F564BD004388AA /* filxsterUITests.swift in Sources */,
			);
			runOnlyForDeploymentPostprocessing = 0;
		};
/* End PBXSourcesBuildPhase section */

/* Begin PBXTargetDependency section */
		9AD8708E21F564BD004388AA /* PBXTargetDependency */ = {
			isa = PBXTargetDependency;
			target = 9AD8707421F564BB004388AA /* filxster */;
			targetProxy = 9AD8708D21F564BD004388AA /* PBXContainerItemProxy */;
		};
		9AD8709921F564BD004388AA /* PBXTargetDependency */ = {
			isa = PBXTargetDependency;
			target = 9AD8707421F564BB004388AA /* filxster */;
			targetProxy = 9AD8709821F564BD004388AA /* PBXContainerItemProxy */;
		};
/* End PBXTargetDependency section */

/* Begin PBXVariantGroup section */
		9AD8707C21F564BB004388AA /* Main.storyboard */ = {
			isa = PBXVariantGroup;
			children = (
				9AD8707D21F564BB004388AA /* Base */,
			);
			name = Main.storyboard;
			sourceTree = "<group>";
		};
		9AD8708421F564BD004388AA /* LaunchScreen.storyboard */ = {
			isa = PBXVariantGroup;
			children = (
				9AD8708521F564BD004388AA /* Base */,
			);
			name = LaunchScreen.storyboard;
			sourceTree = "<group>";
		};
/* End PBXVariantGroup section */

/* Begin XCBuildConfiguration section */
		9AD8709E21F564BD004388AA /* Debug */ = {
			isa = XCBuildConfiguration;
			buildSettings = {
				ALWAYS_SEARCH_USER_PATHS = NO;
				CLANG_ANALYZER_NONNULL = YES;
				CLANG_ANALYZER_NUMBER_OBJECT_CONVERSION = YES_AGGRESSIVE;
				CLANG_CXX_LANGUAGE_STANDARD = "gnu++14";
				CLANG_CXX_LIBRARY = "libc++";
				CLANG_ENABLE_MODULES = YES;
				CLANG_ENABLE_OBJC_ARC = YES;
				CLANG_ENABLE_OBJC_WEAK = YES;
				CLANG_WARN_BLOCK_CAPTURE_AUTORELEASING = YES;
				CLANG_WARN_BOOL_CONVERSION = YES;
				CLANG_WARN_COMMA = YES;
				CLANG_WARN_CONSTANT_CONVERSION = YES;
				CLANG_WARN_DEPRECATED_OBJC_IMPLEMENTATIONS = YES;
				CLANG_WARN_DIRECT_OBJC_ISA_USAGE = YES_ERROR;
				CLANG_WARN_DOCUMENTATION_COMMENTS = YES;
				CLANG_WARN_EMPTY_BODY = YES;
				CLANG_WARN_ENUM_CONVERSION = YES;
				CLANG_WARN_INFINITE_RECURSION = YES;
				CLANG_WARN_INT_CONVERSION = YES;
				CLANG_WARN_NON_LITERAL_NULL_CONVERSION = YES;
				CLANG_WARN_OBJC_IMPLICIT_RETAIN_SELF = YES;
				CLANG_WARN_OBJC_LITERAL_CONVERSION = YES;
				CLANG_WARN_OBJC_ROOT_CLASS = YES_ERROR;
				CLANG_WARN_RANGE_LOOP_ANALYSIS = YES;
				CLANG_WARN_STRICT_PROTOTYPES = YES;
				CLANG_WARN_SUSPICIOUS_MOVE = YES;
				CLANG_WARN_UNGUARDED_AVAILABILITY = YES_AGGRESSIVE;
				CLANG_WARN_UNREACHABLE_CODE = YES;
				CLANG_WARN__DUPLICATE_METHOD_MATCH = YES;
				CODE_SIGN_IDENTITY = "iPhone Developer";
				COPY_PHASE_STRIP = NO;
				DEBUG_INFORMATION_FORMAT = dwarf;
				ENABLE_STRICT_OBJC_MSGSEND = YES;
				ENABLE_TESTABILITY = YES;
				GCC_C_LANGUAGE_STANDARD = gnu11;
				GCC_DYNAMIC_NO_PIC = NO;
				GCC_NO_COMMON_BLOCKS = YES;
				GCC_OPTIMIZATION_LEVEL = 0;
				GCC_PREPROCESSOR_DEFINITIONS = (
					"DEBUG=1",
					"$(inherited)",
				);
				GCC_WARN_64_TO_32_BIT_CONVERSION = YES;
				GCC_WARN_ABOUT_RETURN_TYPE = YES_ERROR;
				GCC_WARN_UNDECLARED_SELECTOR = YES;
				GCC_WARN_UNINITIALIZED_AUTOS = YES_AGGRESSIVE;
				GCC_WARN_UNUSED_FUNCTION = YES;
				GCC_WARN_UNUSED_VARIABLE = YES;
				IPHONEOS_DEPLOYMENT_TARGET = 12.1;
				MTL_ENABLE_DEBUG_INFO = INCLUDE_SOURCE;
				MTL_FAST_MATH = YES;
				ONLY_ACTIVE_ARCH = YES;
				SDKROOT = iphoneos;
				SWIFT_ACTIVE_COMPILATION_CONDITIONS = DEBUG;
				SWIFT_OPTIMIZATION_LEVEL = "-Onone";
			};
			name = Debug;
		};
		9AD8709F21F564BD004388AA /* Release */ = {
			isa = XCBuildConfiguration;
			buildSettings = {
				ALWAYS_SEARCH_USER_PATHS = NO;
				CLANG_ANALYZER_NONNULL = YES;
				CLANG_ANALYZER_NUMBER_OBJECT_CONVERSION = YES_AGGRESSIVE;
				CLANG_CXX_LANGUAGE_STANDARD = "gnu++14";
				CLANG_CXX_LIBRARY = "libc++";
				CLANG_ENABLE_MODULES = YES;
				CLANG_ENABLE_OBJC_ARC = YES;
				CLANG_ENABLE_OBJC_WEAK = YES;
				CLANG_WARN_BLOCK_CAPTURE_AUTORELEASING = YES;
				CLANG_WARN_BOOL_CONVERSION = YES;
				CLANG_WARN_COMMA = YES;
				CLANG_WARN_CONSTANT_CONVERSION = YES;
				CLANG_WARN_DEPRECATED_OBJC_IMPLEMENTATIONS = YES;
				CLANG_WARN_DIRECT_OBJC_ISA_USAGE = YES_ERROR;
				CLANG_WARN_DOCUMENTATION_COMMENTS = YES;
				CLANG_WARN_EMPTY_BODY = YES;
				CLANG_WARN_ENUM_CONVERSION = YES;
				CLANG_WARN_INFINITE_RECURSION = YES;
				CLANG_WARN_INT_CONVERSION = YES;
				CLANG_WARN_NON_LITERAL_NULL_CONVERSION = YES;
				CLANG_WARN_OBJC_IMPLICIT_RETAIN_SELF = YES;
				CLANG_WARN_OBJC_LITERAL_CONVERSION = YES;
				CLANG_WARN_OBJC_ROOT_CLASS = YES_ERROR;
				CLANG_WARN_RANGE_LOOP_ANALYSIS = YES;
				CLANG_WARN_STRICT_PROTOTYPES = YES;
				CLANG_WARN_SUSPICIOUS_MOVE = YES;
				CLANG_WARN_UNGUARDED_AVAILABILITY = YES_AGGRESSIVE;
				CLANG_WARN_UNREACHABLE_CODE = YES;
				CLANG_WARN__DUPLICATE_METHOD_MATCH = YES;
				CODE_SIGN_IDENTITY = "iPhone Developer";
				COPY_PHASE_STRIP = NO;
				DEBUG_INFORMATION_FORMAT = "dwarf-with-dsym";
				ENABLE_NS_ASSERTIONS = NO;
				ENABLE_STRICT_OBJC_MSGSEND = YES;
				GCC_C_LANGUAGE_STANDARD = gnu11;
				GCC_NO_COMMON_BLOCKS = YES;
				GCC_WARN_64_TO_32_BIT_CONVERSION = YES;
				GCC_WARN_ABOUT_RETURN_TYPE = YES_ERROR;
				GCC_WARN_UNDECLARED_SELECTOR = YES;
				GCC_WARN_UNINITIALIZED_AUTOS = YES_AGGRESSIVE;
				GCC_WARN_UNUSED_FUNCTION = YES;
				GCC_WARN_UNUSED_VARIABLE = YES;
				IPHONEOS_DEPLOYMENT_TARGET = 12.1;
				MTL_ENABLE_DEBUG_INFO = NO;
				MTL_FAST_MATH = YES;
				SDKROOT = iphoneos;
				SWIFT_COMPILATION_MODE = wholemodule;
				SWIFT_OPTIMIZATION_LEVEL = "-O";
				VALIDATE_PRODUCT = YES;
			};
			name = Release;
		};
		9AD870A121F564BD004388AA /* Debug */ = {
			isa = XCBuildConfiguration;
			baseConfigurationReference = 8FE622114AE9B322BAF69394 /* Pods-filxster.debug.xcconfig */;
			buildSettings = {
				ASSETCATALOG_COMPILER_APPICON_NAME = AppIcon;
				CODE_SIGN_STYLE = Automatic;
				INFOPLIST_FILE = filxster/Info.plist;
				LD_RUNPATH_SEARCH_PATHS = (
					"$(inherited)",
					"@executable_path/Frameworks",
				);
				PRODUCT_BUNDLE_IDENTIFIER = com.feima.filxster;
				PRODUCT_NAME = "$(TARGET_NAME)";
				SWIFT_VERSION = 4.2;
				TARGETED_DEVICE_FAMILY = "1,2";
			};
			name = Debug;
		};
		9AD870A221F564BD004388AA /* Release */ = {
			isa = XCBuildConfiguration;
			baseConfigurationReference = D1BD07137CD2B01053042C64 /* Pods-filxster.release.xcconfig */;
			buildSettings = {
				ASSETCATALOG_COMPILER_APPICON_NAME = AppIcon;
				CODE_SIGN_STYLE = Automatic;
				INFOPLIST_FILE = filxster/Info.plist;
				LD_RUNPATH_SEARCH_PATHS = (
					"$(inherited)",
					"@executable_path/Frameworks",
				);
				PRODUCT_BUNDLE_IDENTIFIER = com.feima.filxster;
				PRODUCT_NAME = "$(TARGET_NAME)";
				SWIFT_VERSION = 4.2;
				TARGETED_DEVICE_FAMILY = "1,2";
			};
			name = Release;
		};
		9AD870A421F564BD004388AA /* Debug */ = {
			isa = XCBuildConfiguration;
			baseConfigurationReference = 8AFBE16B137ABE5762FE1DA1 /* Pods-filxsterTests.debug.xcconfig */;
			buildSettings = {
				ALWAYS_EMBED_SWIFT_STANDARD_LIBRARIES = YES;
				BUNDLE_LOADER = "$(TEST_HOST)";
				CODE_SIGN_STYLE = Automatic;
				INFOPLIST_FILE = filxsterTests/Info.plist;
				LD_RUNPATH_SEARCH_PATHS = (
					"$(inherited)",
					"@executable_path/Frameworks",
					"@loader_path/Frameworks",
				);
				PRODUCT_BUNDLE_IDENTIFIER = com.feima.filxsterTests;
				PRODUCT_NAME = "$(TARGET_NAME)";
				SWIFT_VERSION = 4.2;
				TARGETED_DEVICE_FAMILY = "1,2";
				TEST_HOST = "$(BUILT_PRODUCTS_DIR)/filxster.app/filxster";
			};
			name = Debug;
		};
		9AD870A521F564BD004388AA /* Release */ = {
			isa = XCBuildConfiguration;
			baseConfigurationReference = 24A990D9A2FC6CAB5B516AC7 /* Pods-filxsterTests.release.xcconfig */;
			buildSettings = {
				ALWAYS_EMBED_SWIFT_STANDARD_LIBRARIES = YES;
				BUNDLE_LOADER = "$(TEST_HOST)";
				CODE_SIGN_STYLE = Automatic;
				INFOPLIST_FILE = filxsterTests/Info.plist;
				LD_RUNPATH_SEARCH_PATHS = (
					"$(inherited)",
					"@executable_path/Frameworks",
					"@loader_path/Frameworks",
				);
				PRODUCT_BUNDLE_IDENTIFIER = com.feima.filxsterTests;
				PRODUCT_NAME = "$(TARGET_NAME)";
				SWIFT_VERSION = 4.2;
				TARGETED_DEVICE_FAMILY = "1,2";
				TEST_HOST = "$(BUILT_PRODUCTS_DIR)/filxster.app/filxster";
			};
			name = Release;
		};
		9AD870A721F564BD004388AA /* Debug */ = {
			isa = XCBuildConfiguration;
			baseConfigurationReference = 4D96D5F39AAD6DEFDA21E2C1 /* Pods-filxsterUITests.debug.xcconfig */;
			buildSettings = {
				ALWAYS_EMBED_SWIFT_STANDARD_LIBRARIES = YES;
				CODE_SIGN_STYLE = Automatic;
				INFOPLIST_FILE = filxsterUITests/Info.plist;
				LD_RUNPATH_SEARCH_PATHS = (
					"$(inherited)",
					"@executable_path/Frameworks",
					"@loader_path/Frameworks",
				);
				PRODUCT_BUNDLE_IDENTIFIER = com.feima.filxsterUITests;
				PRODUCT_NAME = "$(TARGET_NAME)";
				SWIFT_VERSION = 4.2;
				TARGETED_DEVICE_FAMILY = "1,2";
				TEST_TARGET_NAME = filxster;
			};
			name = Debug;
		};
		9AD870A821F564BD004388AA /* Release */ = {
			isa = XCBuildConfiguration;
			baseConfigurationReference = 006A2BEF77E7C042058CC964 /* Pods-filxsterUITests.release.xcconfig */;
			buildSettings = {
				ALWAYS_EMBED_SWIFT_STANDARD_LIBRARIES = YES;
				CODE_SIGN_STYLE = Automatic;
				INFOPLIST_FILE = filxsterUITests/Info.plist;
				LD_RUNPATH_SEARCH_PATHS = (
					"$(inherited)",
					"@executable_path/Frameworks",
					"@loader_path/Frameworks",
				);
				PRODUCT_BUNDLE_IDENTIFIER = com.feima.filxsterUITests;
				PRODUCT_NAME = "$(TARGET_NAME)";
				SWIFT_VERSION = 4.2;
				TARGETED_DEVICE_FAMILY = "1,2";
				TEST_TARGET_NAME = filxster;
			};
			name = Release;
		};
/* End XCBuildConfiguration section */

/* Begin XCConfigurationList section */
		9AD8707021F564BB004388AA /* Build configuration list for PBXProject "filxster" */ = {
			isa = XCConfigurationList;
			buildConfigurations = (
				9AD8709E21F564BD004388AA /* Debug */,
				9AD8709F21F564BD004388AA /* Release */,
			);
			defaultConfigurationIsVisible = 0;
			defaultConfigurationName = Release;
		};
		9AD870A021F564BD004388AA /* Build configuration list for PBXNativeTarget "filxster" */ = {
			isa = XCConfigurationList;
			buildConfigurations = (
				9AD870A121F564BD004388AA /* Debug */,
				9AD870A221F564BD004388AA /* Release */,
			);
			defaultConfigurationIsVisible = 0;
			defaultConfigurationName = Release;
		};
		9AD870A321F564BD004388AA /* Build configuration list for PBXNativeTarget "filxsterTests" */ = {
			isa = XCConfigurationList;
			buildConfigurations = (
				9AD870A421F564BD004388AA /* Debug */,
				9AD870A521F564BD004388AA /* Release */,
			);
			defaultConfigurationIsVisible = 0;
			defaultConfigurationName = Release;
		};
		9AD870A621F564BD004388AA /* Build configuration list for PBXNativeTarget "filxsterUITests" */ = {
			isa = XCConfigurationList;
			buildConfigurations = (
				9AD870A721F564BD004388AA /* Debug */,
				9AD870A821F564BD004388AA /* Release */,
			);
			defaultConfigurationIsVisible = 0;
			defaultConfigurationName = Release;
		};
/* End XCConfigurationList section */

/* Begin XCVersionGroup section */
		9AD8707F21F564BB004388AA /* filxster.xcdatamodeld */ = {
			isa = XCVersionGroup;
			children = (
				9AD8708021F564BB004388AA /* filxster.xcdatamodel */,
			);
			currentVersion = 9AD8708021F564BB004388AA /* filxster.xcdatamodel */;
			path = filxster.xcdatamodeld;
			sourceTree = "<group>";
			versionGroupType = wrapper.xcdatamodel;
		};
/* End XCVersionGroup section */
	};
	rootObject = 9AD8706D21F564BB004388AA /* Project object */;
}
